// !$*UTF8*$!
{
	archiveVersion = 1;
	classes = {
	};
	objectVersion = 55;
	objects = {

/* Begin PBXBuildFile section */
		D75D0A382862E24900BBA7AC /* MyFinalProjectApp.swift in Sources */ = {isa = PBXBuildFile; fileRef = D75D0A372862E24900BBA7AC /* MyFinalProjectApp.swift */; };
		D75D0A3A2862E24900BBA7AC /* ContentView.swift in Sources */ = {isa = PBXBuildFile; fileRef = D75D0A392862E24900BBA7AC /* ContentView.swift */; };
		D75D0A3C2862E24A00BBA7AC /* Assets.xcassets in Resources */ = {isa = PBXBuildFile; fileRef = D75D0A3B2862E24A00BBA7AC /* Assets.xcassets */; };
		D75D0A3F2862E24A00BBA7AC /* Preview Assets.xcassets in Resources */ = {isa = PBXBuildFile; fileRef = D75D0A3E2862E24A00BBA7AC /* Preview Assets.xcassets */; };
		D75D0A492862E24B00BBA7AC /* MyFinalProjectTests.swift in Sources */ = {isa = PBXBuildFile; fileRef = D75D0A482862E24B00BBA7AC /* MyFinalProjectTests.swift */; };
		D75D0A532862E24B00BBA7AC /* MyFinalProjectUITests.swift in Sources */ = {isa = PBXBuildFile; fileRef = D75D0A522862E24B00BBA7AC /* MyFinalProjectUITests.swift */; };
		D75D0A552862E24B00BBA7AC /* MyFinalProjectUITestsLaunchTests.swift in Sources */ = {isa = PBXBuildFile; fileRef = D75D0A542862E24B00BBA7AC /* MyFinalProjectUITestsLaunchTests.swift */; };
/* End PBXBuildFile section */

/* Begin PBXContainerItemProxy section */
		D75D0A452862E24B00BBA7AC /* PBXContainerItemProxy */ = {
			isa = PBXContainerItemProxy;
			containerPortal = D75D0A2C2862E24900BBA7AC /* Project object */;
			proxyType = 1;
			remoteGlobalIDString = D75D0A332862E24900BBA7AC;
			remoteInfo = MyFinalProject;
		};
		D75D0A4F2862E24B00BBA7AC /* PBXContainerItemProxy */ = {
			isa = PBXContainerItemProxy;
			containerPortal = D75D0A2C2862E24900BBA7AC /* Project object */;
			proxyType = 1;
			remoteGlobalIDString = D75D0A332862E24900BBA7AC;
			remoteInfo = MyFinalProject;
		};
/* End PBXContainerItemProxy section */

/* Begin PBXFileReference section */
		D75D0A342862E24900BBA7AC /* MyFinalProject.app */ = {isa = PBXFileReference; explicitFileType = wrapper.application; includeInIndex = 0; path = MyFinalProject.app; sourceTree = BUILT_PRODUCTS_DIR; };
		D75D0A372862E24900BBA7AC /* MyFinalProjectApp.swift */ = {isa = PBXFileReference; lastKnownFileType = sourcecode.swift; path = MyFinalProjectApp.swift; sourceTree = "<group>"; };
		D75D0A392862E24900BBA7AC /* ContentView.swift */ = {isa = PBXFileReference; lastKnownFileType = sourcecode.swift; path = ContentView.swift; sourceTree = "<group>"; };
		D75D0A3B2862E24A00BBA7AC /* Assets.xcassets */ = {isa = PBXFileReference; lastKnownFileType = folder.assetcatalog; path = Assets.xcassets; sourceTree = "<group>"; };
		D75D0A3E2862E24A00BBA7AC /* Preview Assets.xcassets */ = {isa = PBXFileReference; lastKnownFileType = folder.assetcatalog; path = "Preview Assets.xcassets"; sourceTree = "<group>"; };
		D75D0A442862E24B00BBA7AC /* MyFinalProjectTests.xctest */ = {isa = PBXFileReference; explicitFileType = wrapper.cfbundle; includeInIndex = 0; path = MyFinalProjectTests.xctest; sourceTree = BUILT_PRODUCTS_DIR; };
		D75D0A482862E24B00BBA7AC /* MyFinalProjectTests.swift */ = {isa = PBXFileReference; lastKnownFileType = sourcecode.swift; path = MyFinalProjectTests.swift; sourceTree = "<group>"; };
		D75D0A4E2862E24B00BBA7AC /* MyFinalProjectUITests.xctest */ = {isa = PBXFileReference; explicitFileType = wrapper.cfbundle; includeInIndex = 0; path = MyFinalProjectUITests.xctest; sourceTree = BUILT_PRODUCTS_DIR; };
		D75D0A522862E24B00BBA7AC /* MyFinalProjectUITests.swift */ = {isa = PBXFileReference; lastKnownFileType = sourcecode.swift; path = MyFinalProjectUITests.swift; sourceTree = "<group>"; };
		D75D0A542862E24B00BBA7AC /* MyFinalProjectUITestsLaunchTests.swift */ = {isa = PBXFileReference; lastKnownFileType = sourcecode.swift; path = MyFinalProjectUITestsLaunchTests.swift; sourceTree = "<group>"; };
/* End PBXFileReference section */

/* Begin PBXFrameworksBuildPhase section */
		D75D0A312862E24900BBA7AC /* Frameworks */ = {
			isa = PBXFrameworksBuildPhase;
			buildActionMask = 2147483647;
			files = (
			);
			runOnlyForDeploymentPostprocessing = 0;
		};
		D75D0A412862E24B00BBA7AC /* Frameworks */ = {
			isa = PBXFrameworksBuildPhase;
			buildActionMask = 2147483647;
			files = (
			);
			runOnlyForDeploymentPostprocessing = 0;
		};
		D75D0A4B2862E24B00BBA7AC /* Frameworks */ = {
			isa = PBXFrameworksBuildPhase;
			buildActionMask = 2147483647;
			files = (
			);
			runOnlyForDeploymentPostprocessing = 0;
		};
/* End PBXFrameworksBuildPhase section */

/* Begin PBXGroup section */
		D75D0A2B2862E24900BBA7AC = {
			isa = PBXGroup;
			children = (
				D75D0A362862E24900BBA7AC /* MyFinalProject */,
				D75D0A472862E24B00BBA7AC /* MyFinalProjectTests */,
				D75D0A512862E24B00BBA7AC /* MyFinalProjectUITests */,
				D75D0A352862E24900BBA7AC /* Products */,
			);
			sourceTree = "<group>";
		};
		D75D0A352862E24900BBA7AC /* Products */ = {
			isa = PBXGroup;
			children = (
				D75D0A342862E24900BBA7AC /* MyFinalProject.app */,
				D75D0A442862E24B00BBA7AC /* MyFinalProjectTests.xctest */,
				D75D0A4E2862E24B00BBA7AC /* MyFinalProjectUITests.xctest */,
			);
			name = Products;
			sourceTree = "<group>";
		};
		D75D0A362862E24900BBA7AC /* MyFinalProject */ = {
			isa = PBXGroup;
			children = (
				D75D0A372862E24900BBA7AC /* MyFinalProjectApp.swift */,
				D75D0A392862E24900BBA7AC /* ContentView.swift */,
				D75D0A3B2862E24A00BBA7AC /* Assets.xcassets */,
				D75D0A3D2862E24A00BBA7AC /* Preview Content */,
			);
			path = MyFinalProject;
			sourceTree = "<group>";
		};
		D75D0A3D2862E24A00BBA7AC /* Preview Content */ = {
			isa = PBXGroup;
			children = (
				D75D0A3E2862E24A00BBA7AC /* Preview Assets.xcassets */,
			);
			path = "Preview Content";
			sourceTree = "<group>";
		};
		D75D0A472862E24B00BBA7AC /* MyFinalProjectTests */ = {
			isa = PBXGroup;
			children = (
				D75D0A482862E24B00BBA7AC /* MyFinalProjectTests.swift */,
			);
			path = MyFinalProjectTests;
			sourceTree = "<group>";
		};
		D75D0A512862E24B00BBA7AC /* MyFinalProjectUITests */ = {
			isa = PBXGroup;
			children = (
				D75D0A522862E24B00BBA7AC /* MyFinalProjectUITests.swift */,
				D75D0A542862E24B00BBA7AC /* MyFinalProjectUITestsLaunchTests.swift */,
			);
			path = MyFinalProjectUITests;
			sourceTree = "<group>";
		};
/* End PBXGroup section */

/* Begin PBXNativeTarget section */
		D75D0A332862E24900BBA7AC /* MyFinalProject */ = {
			isa = PBXNativeTarget;
			buildConfigurationList = D75D0A582862E24B00BBA7AC /* Build configuration list for PBXNativeTarget "MyFinalProject" */;
			buildPhases = (
				D75D0A302862E24900BBA7AC /* Sources */,
				D75D0A312862E24900BBA7AC /* Frameworks */,
				D75D0A322862E24900BBA7AC /* Resources */,
			);
			buildRules = (
			);
			dependencies = (
			);
			name = MyFinalProject;
			productName = MyFinalProject;
			productReference = D75D0A342862E24900BBA7AC /* MyFinalProject.app */;
			productType = "com.apple.product-type.application";
		};
		D75D0A432862E24B00BBA7AC /* MyFinalProjectTests */ = {
			isa = PBXNativeTarget;
			buildConfigurationList = D75D0A5B2862E24B00BBA7AC /* Build configuration list for PBXNativeTarget "MyFinalProjectTests" */;
			buildPhases = (
				D75D0A402862E24B00BBA7AC /* Sources */,
				D75D0A412862E24B00BBA7AC /* Frameworks */,
				D75D0A422862E24B00BBA7AC /* Resources */,
			);
			buildRules = (
			);
			dependencies = (
				D75D0A462862E24B00BBA7AC /* PBXTargetDependency */,
			);
			name = MyFinalProjectTests;
			productName = MyFinalProjectTests;
			productReference = D75D0A442862E24B00BBA7AC /* MyFinalProjectTests.xctest */;
			productType = "com.apple.product-type.bundle.unit-test";
		};
		D75D0A4D2862E24B00BBA7AC /* MyFinalProjectUITests */ = {
			isa = PBXNativeTarget;
			buildConfigurationList = D75D0A5E2862E24B00BBA7AC /* Build configuration list for PBXNativeTarget "MyFinalProjectUITests" */;
			buildPhases = (
				D75D0A4A2862E24B00BBA7AC /* Sources */,
				D75D0A4B2862E24B00BBA7AC /* Frameworks */,
				D75D0A4C2862E24B00BBA7AC /* Resources */,
			);
			buildRules = (
			);
			dependencies = (
				D75D0A502862E24B00BBA7AC /* PBXTargetDependency */,
			);
			name = MyFinalProjectUITests;
			productName = MyFinalProjectUITests;
			productReference = D75D0A4E2862E24B00BBA7AC /* MyFinalProjectUITests.xctest */;
			productType = "com.apple.product-type.bundle.ui-testing";
		};
/* End PBXNativeTarget section */

/* Begin PBXProject section */
		D75D0A2C2862E24900BBA7AC /* Project object */ = {
			isa = PBXProject;
			attributes = {
				BuildIndependentTargetsInParallel = 1;
				LastSwiftUpdateCheck = 1340;
				LastUpgradeCheck = 1340;
				TargetAttributes = {
					D75D0A332862E24900BBA7AC = {
						CreatedOnToolsVersion = 13.4.1;
					};
					D75D0A432862E24B00BBA7AC = {
						CreatedOnToolsVersion = 13.4.1;
						TestTargetID = D75D0A332862E24900BBA7AC;
					};
					D75D0A4D2862E24B00BBA7AC = {
						CreatedOnToolsVersion = 13.4.1;
						TestTargetID = D75D0A332862E24900BBA7AC;
					};
				};
			};
			buildConfigurationList = D75D0A2F2862E24900BBA7AC /* Build configuration list for PBXProject "MyFinalProject" */;
			compatibilityVersion = "Xcode 13.0";
			developmentRegion = en;
			hasScannedForEncodings = 0;
			knownRegions = (
				en,
				Base,
			);
			mainGroup = D75D0A2B2862E24900BBA7AC;
			productRefGroup = D75D0A352862E24900BBA7AC /* Products */;
			projectDirPath = "";
			projectRoot = "";
			targets = (
				D75D0A332862E24900BBA7AC /* MyFinalProject */,
				D75D0A432862E24B00BBA7AC /* MyFinalProjectTests */,
				D75D0A4D2862E24B00BBA7AC /* MyFinalProjectUITests */,
			);
		};
/* End PBXProject section */

/* Begin PBXResourcesBuildPhase section */
		D75D0A322862E24900BBA7AC /* Resources */ = {
			isa = PBXResourcesBuildPhase;
			buildActionMask = 2147483647;
			files = (
				D75D0A3F2862E24A00BBA7AC /* Preview Assets.xcassets in Resources */,
				D75D0A3C2862E24A00BBA7AC /* Assets.xcassets in Resources */,
			);
			runOnlyForDeploymentPostprocessing = 0;
		};
		D75D0A422862E24B00BBA7AC /* Resources */ = {
			isa = PBXResourcesBuildPhase;
			buildActionMask = 2147483647;
			files = (
			);
			runOnlyForDeploymentPostprocessing = 0;
		};
		D75D0A4C2862E24B00BBA7AC /* Resources */ = {
			isa = PBXResourcesBuildPhase;
			buildActionMask = 2147483647;
			files = (
			);
			runOnlyForDeploymentPostprocessing = 0;
		};
/* End PBXResourcesBuildPhase section */

/* Begin PBXSourcesBuildPhase section */
		D75D0A302862E24900BBA7AC /* Sources */ = {
			isa = PBXSourcesBuildPhase;
			buildActionMask = 2147483647;
			files = (
				D75D0A3A2862E24900BBA7AC /* ContentView.swift in Sources */,
				D75D0A382862E24900BBA7AC /* MyFinalProjectApp.swift in Sources */,
			);
			runOnlyForDeploymentPostprocessing = 0;
		};
		D75D0A402862E24B00BBA7AC /* Sources */ = {
			isa = PBXSourcesBuildPhase;
			buildActionMask = 2147483647;
			files = (
				D75D0A492862E24B00BBA7AC /* MyFinalProjectTests.swift in Sources */,
			);
			runOnlyForDeploymentPostprocessing = 0;
		};
		D75D0A4A2862E24B00BBA7AC /* Sources */ = {
			isa = PBXSourcesBuildPhase;
			buildActionMask = 2147483647;
			files = (
				D75D0A532862E24B00BBA7AC /* MyFinalProjectUITests.swift in Sources */,
				D75D0A552862E24B00BBA7AC /* MyFinalProjectUITestsLaunchTests.swift in Sources */,
			);
			runOnlyForDeploymentPostprocessing = 0;
		};
/* End PBXSourcesBuildPhase section */

/* Begin PBXTargetDependency section */
		D75D0A462862E24B00BBA7AC /* PBXTargetDependency */ = {
			isa = PBXTargetDependency;
			target = D75D0A332862E24900BBA7AC /* MyFinalProject */;
			targetProxy = D75D0A452862E24B00BBA7AC /* PBXContainerItemProxy */;
		};
		D75D0A502862E24B00BBA7AC /* PBXTargetDependency */ = {
			isa = PBXTargetDependency;
			target = D75D0A332862E24900BBA7AC /* MyFinalProject */;
			targetProxy = D75D0A4F2862E24B00BBA7AC /* PBXContainerItemProxy */;
		};
/* End PBXTargetDependency section */

/* Begin XCBuildConfiguration section */
		D75D0A562862E24B00BBA7AC /* Debug */ = {
			isa = XCBuildConfiguration;
			buildSettings = {
				ALWAYS_SEARCH_USER_PATHS = NO;
				CLANG_ANALYZER_NONNULL = YES;
				CLANG_ANALYZER_NUMBER_OBJECT_CONVERSION = YES_AGGRESSIVE;
				CLANG_CXX_LANGUAGE_STANDARD = "gnu++17";
				CLANG_ENABLE_MODULES = YES;
				CLANG_ENABLE_OBJC_ARC = YES;
				CLANG_ENABLE_OBJC_WEAK = YES;
				CLANG_WARN_BLOCK_CAPTURE_AUTORELEASING = YES;
				CLANG_WARN_BOOL_CONVERSION = YES;
				CLANG_WARN_COMMA = YES;
				CLANG_WARN_CONSTANT_CONVERSION = YES;
				CLANG_WARN_DEPRECATED_OBJC_IMPLEMENTATIONS = YES;
				CLANG_WARN_DIRECT_OBJC_ISA_USAGE = YES_ERROR;
				CLANG_WARN_DOCUMENTATION_COMMENTS = YES;
				CLANG_WARN_EMPTY_BODY = YES;
				CLANG_WARN_ENUM_CONVERSION = YES;
				CLANG_WARN_INFINITE_RECURSION = YES;
				CLANG_WARN_INT_CONVERSION = YES;
				CLANG_WARN_NON_LITERAL_NULL_CONVERSION = YES;
				CLANG_WARN_OBJC_IMPLICIT_RETAIN_SELF = YES;
				CLANG_WARN_OBJC_LITERAL_CONVERSION = YES;
				CLANG_WARN_OBJC_ROOT_CLASS = YES_ERROR;
				CLANG_WARN_QUOTED_INCLUDE_IN_FRAMEWORK_HEADER = YES;
				CLANG_WARN_RANGE_LOOP_ANALYSIS = YES;
				CLANG_WARN_STRICT_PROTOTYPES = YES;
				CLANG_WARN_SUSPICIOUS_MOVE = YES;
				CLANG_WARN_UNGUARDED_AVAILABILITY = YES_AGGRESSIVE;
				CLANG_WARN_UNREACHABLE_CODE = YES;
				CLANG_WARN__DUPLICATE_METHOD_MATCH = YES;
				COPY_PHASE_STRIP = NO;
				DEBUG_INFORMATION_FORMAT = dwarf;
				ENABLE_STRICT_OBJC_MSGSEND = YES;
				ENABLE_TESTABILITY = YES;
				GCC_C_LANGUAGE_STANDARD = gnu11;
				GCC_DYNAMIC_NO_PIC = NO;
				GCC_NO_COMMON_BLOCKS = YES;
				GCC_OPTIMIZATION_LEVEL = 0;
				GCC_PREPROCESSOR_DEFINITIONS = (
					"DEBUG=1",
					"$(inherited)",
				);
				GCC_WARN_64_TO_32_BIT_CONVERSION = YES;
				GCC_WARN_ABOUT_RETURN_TYPE = YES_ERROR;
				GCC_WARN_UNDECLARED_SELECTOR = YES;
				GCC_WARN_UNINITIALIZED_AUTOS = YES_AGGRESSIVE;
				GCC_WARN_UNUSED_FUNCTION = YES;
				GCC_WARN_UNUSED_VARIABLE = YES;
				IPHONEOS_DEPLOYMENT_TARGET = 15.5;
				MTL_ENABLE_DEBUG_INFO = INCLUDE_SOURCE;
				MTL_FAST_MATH = YES;
				ONLY_ACTIVE_ARCH = YES;
				SDKROOT = iphoneos;
				SWIFT_ACTIVE_COMPILATION_CONDITIONS = DEBUG;
				SWIFT_OPTIMIZATION_LEVEL = "-Onone";
			};
			name = Debug;
		};
		D75D0A572862E24B00BBA7AC /* Release */ = {
			isa = XCBuildConfiguration;
			buildSettings = {
				ALWAYS_SEARCH_USER_PATHS = NO;
				CLANG_ANALYZER_NONNULL = YES;
				CLANG_ANALYZER_NUMBER_OBJECT_CONVERSION = YES_AGGRESSIVE;
				CLANG_CXX_LANGUAGE_STANDARD = "gnu++17";
				CLANG_ENABLE_MODULES = YES;
				CLANG_ENABLE_OBJC_ARC = YES;
				CLANG_ENABLE_OBJC_WEAK = YES;
				CLANG_WARN_BLOCK_CAPTURE_AUTORELEASING = YES;
				CLANG_WARN_BOOL_CONVERSION = YES;
				CLANG_WARN_COMMA = YES;
				CLANG_WARN_CONSTANT_CONVERSION = YES;
				CLANG_WARN_DEPRECATED_OBJC_IMPLEMENTATIONS = YES;
				CLANG_WARN_DIRECT_OBJC_ISA_USAGE = YES_ERROR;
				CLANG_WARN_DOCUMENTATION_COMMENTS = YES;
				CLANG_WARN_EMPTY_BODY = YES;
				CLANG_WARN_ENUM_CONVERSION = YES;
				CLANG_WARN_INFINITE_RECURSION = YES;
				CLANG_WARN_INT_CONVERSION = YES;
				CLANG_WARN_NON_LITERAL_NULL_CONVERSION = YES;
				CLANG_WARN_OBJC_IMPLICIT_RETAIN_SELF = YES;
				CLANG_WARN_OBJC_LITERAL_CONVERSION = YES;
				CLANG_WARN_OBJC_ROOT_CLASS = YES_ERROR;
				CLANG_WARN_QUOTED_INCLUDE_IN_FRAMEWORK_HEADER = YES;
				CLANG_WARN_RANGE_LOOP_ANALYSIS = YES;
				CLANG_WARN_STRICT_PROTOTYPES = YES;
				CLANG_WARN_SUSPICIOUS_MOVE = YES;
				CLANG_WARN_UNGUARDED_AVAILABILITY = YES_AGGRESSIVE;
				CLANG_WARN_UNREACHABLE_CODE = YES;
				CLANG_WARN__DUPLICATE_METHOD_MATCH = YES;
				COPY_PHASE_STRIP = NO;
				DEBUG_INFORMATION_FORMAT = "dwarf-with-dsym";
				ENABLE_NS_ASSERTIONS = NO;
				ENABLE_STRICT_OBJC_MSGSEND = YES;
				GCC_C_LANGUAGE_STANDARD = gnu11;
				GCC_NO_COMMON_BLOCKS = YES;
				GCC_WARN_64_TO_32_BIT_CONVERSION = YES;
				GCC_WARN_ABOUT_RETURN_TYPE = YES_ERROR;
				GCC_WARN_UNDECLARED_SELECTOR = YES;
				GCC_WARN_UNINITIALIZED_AUTOS = YES_AGGRESSIVE;
				GCC_WARN_UNUSED_FUNCTION = YES;
				GCC_WARN_UNUSED_VARIABLE = YES;
				IPHONEOS_DEPLOYMENT_TARGET = 15.5;
				MTL_ENABLE_DEBUG_INFO = NO;
				MTL_FAST_MATH = YES;
				SDKROOT = iphoneos;
				SWIFT_COMPILATION_MODE = wholemodule;
				SWIFT_OPTIMIZATION_LEVEL = "-O";
				VALIDATE_PRODUCT = YES;
			};
			name = Release;
		};
		D75D0A592862E24B00BBA7AC /* Debug */ = {
			isa = XCBuildConfiguration;
			buildSettings = {
				ASSETCATALOG_COMPILER_APPICON_NAME = AppIcon;
				ASSETCATALOG_COMPILER_GLOBAL_ACCENT_COLOR_NAME = AccentColor;
				CODE_SIGN_STYLE = Automatic;
				CURRENT_PROJECT_VERSION = 1;
				DEVELOPMENT_ASSET_PATHS = "\"MyFinalProject/Preview Content\"";
				DEVELOPMENT_TEAM = 7SRJ3WD8C5;
				ENABLE_PREVIEWS = YES;
				GENERATE_INFOPLIST_FILE = YES;
				INFOPLIST_KEY_UIApplicationSceneManifest_Generation = YES;
				INFOPLIST_KEY_UIApplicationSupportsIndirectInputEvents = YES;
				INFOPLIST_KEY_UILaunchScreen_Generation = YES;
				INFOPLIST_KEY_UISupportedInterfaceOrientations_iPad = "UIInterfaceOrientationPortrait UIInterfaceOrientationPortraitUpsideDown UIInterfaceOrientationLandscapeLeft UIInterfaceOrientationLandscapeRight";
				INFOPLIST_KEY_UISupportedInterfaceOrientations_iPhone = "UIInterfaceOrientationPortrait UIInterfaceOrientationLandscapeLeft UIInterfaceOrientationLandscapeRight";
				LD_RUNPATH_SEARCH_PATHS = (
					"$(inherited)",
					"@executable_path/Frameworks",
				);
				MARKETING_VERSION = 1.0;
				PRODUCT_BUNDLE_IDENTIFIER = com.MyFinalProject;
				PRODUCT_NAME = "$(TARGET_NAME)";
				SWIFT_EMIT_LOC_STRINGS = YES;
				SWIFT_VERSION = 5.0;
				TARGETED_DEVICE_FAMILY = "1,2";
			};
			name = Debug;
		};
		D75D0A5A2862E24B00BBA7AC /* Release */ = {
			isa = XCBuildConfiguration;
			buildSettings = {
				ASSETCATALOG_COMPILER_APPICON_NAME = AppIcon;
				ASSETCATALOG_COMPILER_GLOBAL_ACCENT_COLOR_NAME = AccentColor;
				CODE_SIGN_STYLE = Automatic;
				CURRENT_PROJECT_VERSION = 1;
				DEVELOPMENT_ASSET_PATHS = "\"MyFinalProject/Preview Content\"";
				DEVELOPMENT_TEAM = 7SRJ3WD8C5;
				ENABLE_PREVIEWS = YES;
				GENERATE_INFOPLIST_FILE = YES;
				INFOPLIST_KEY_UIApplicationSceneManifest_Generation = YES;
				INFOPLIST_KEY_UIApplicationSupportsIndirectInputEvents = YES;
				INFOPLIST_KEY_UILaunchScreen_Generation = YES;
				INFOPLIST_KEY_UISupportedInterfaceOrientations_iPad = "UIInterfaceOrientationPortrait UIInterfaceOrientationPortraitUpsideDown UIInterfaceOrientationLandscapeLeft UIInterfaceOrientationLandscapeRight";
				INFOPLIST_KEY_UISupportedInterfaceOrientations_iPhone = "UIInterfaceOrientationPortrait UIInterfaceOrientationLandscapeLeft UIInterfaceOrientationLandscapeRight";
				LD_RUNPATH_SEARCH_PATHS = (
					"$(inherited)",
					"@executable_path/Frameworks",
				);
				MARKETING_VERSION = 1.0;
				PRODUCT_BUNDLE_IDENTIFIER = com.MyFinalProject;
				PRODUCT_NAME = "$(TARGET_NAME)";
				SWIFT_EMIT_LOC_STRINGS = YES;
				SWIFT_VERSION = 5.0;
				TARGETED_DEVICE_FAMILY = "1,2";
			};
			name = Release;
		};
		D75D0A5C2862E24B00BBA7AC /* Debug */ = {
			isa = XCBuildConfiguration;
			buildSettings = {
				ALWAYS_EMBED_SWIFT_STANDARD_LIBRARIES = YES;
				BUNDLE_LOADER = "$(TEST_HOST)";
				CODE_SIGN_STYLE = Automatic;
				CURRENT_PROJECT_VERSION = 1;
				DEVELOPMENT_TEAM = 7SRJ3WD8C5;
				GENERATE_INFOPLIST_FILE = YES;
				IPHONEOS_DEPLOYMENT_TARGET = 15.5;
				MARKETING_VERSION = 1.0;
				PRODUCT_BUNDLE_IDENTIFIER = com.MyFinalProjectTests;
				PRODUCT_NAME = "$(TARGET_NAME)";
				SWIFT_EMIT_LOC_STRINGS = NO;
				SWIFT_VERSION = 5.0;
				TARGETED_DEVICE_FAMILY = "1,2";
				TEST_HOST = "$(BUILT_PRODUCTS_DIR)/MyFinalProject.app/MyFinalProject";
			};
			name = Debug;
		};
		D75D0A5D2862E24B00BBA7AC /* Release */ = {
			isa = XCBuildConfiguration;
			buildSettings = {
				ALWAYS_EMBED_SWIFT_STANDARD_LIBRARIES = YES;
				BUNDLE_LOADER = "$(TEST_HOST)";
				CODE_SIGN_STYLE = Automatic;
				CURRENT_PROJECT_VERSION = 1;
				DEVELOPMENT_TEAM = 7SRJ3WD8C5;
				GENERATE_INFOPLIST_FILE = YES;
				IPHONEOS_DEPLOYMENT_TARGET = 15.5;
				MARKETING_VERSION = 1.0;
				PRODUCT_BUNDLE_IDENTIFIER = com.MyFinalProjectTests;
				PRODUCT_NAME = "$(TARGET_NAME)";
				SWIFT_EMIT_LOC_STRINGS = NO;
				SWIFT_VERSION = 5.0;
				TARGETED_DEVICE_FAMILY = "1,2";
				TEST_HOST = "$(BUILT_PRODUCTS_DIR)/MyFinalProject.app/MyFinalProject";
			};
			name = Release;
		};
		D75D0A5F2862E24B00BBA7AC /* Debug */ = {
			isa = XCBuildConfiguration;
			buildSettings = {
				ALWAYS_EMBED_SWIFT_STANDARD_LIBRARIES = YES;
				CODE_SIGN_STYLE = Automatic;
				CURRENT_PROJECT_VERSION = 1;
				DEVELOPMENT_TEAM = 7SRJ3WD8C5;
				GENERATE_INFOPLIST_FILE = YES;
				MARKETING_VERSION = 1.0;
				PRODUCT_BUNDLE_IDENTIFIER = com.MyFinalProjectUITests;
				PRODUCT_NAME = "$(TARGET_NAME)";
				SWIFT_EMIT_LOC_STRINGS = NO;
				SWIFT_VERSION = 5.0;
				TARGETED_DEVICE_FAMILY = "1,2";
				TEST_TARGET_NAME = MyFinalProject;
			};
			name = Debug;
		};
		D75D0A602862E24B00BBA7AC /* Release */ = {
			isa = XCBuildConfiguration;
			buildSettings = {
				ALWAYS_EMBED_SWIFT_STANDARD_LIBRARIES = YES;
				CODE_SIGN_STYLE = Automatic;
				CURRENT_PROJECT_VERSION = 1;
				DEVELOPMENT_TEAM = 7SRJ3WD8C5;
				GENERATE_INFOPLIST_FILE = YES;
				MARKETING_VERSION = 1.0;
				PRODUCT_BUNDLE_IDENTIFIER = com.MyFinalProjectUITests;
				PRODUCT_NAME = "$(TARGET_NAME)";
				SWIFT_EMIT_LOC_STRINGS = NO;
				SWIFT_VERSION = 5.0;
				TARGETED_DEVICE_FAMILY = "1,2";
				TEST_TARGET_NAME = MyFinalProject;
			};
			name = Release;
		};
/* End XCBuildConfiguration section */

/* Begin XCConfigurationList section */
		D75D0A2F2862E24900BBA7AC /* Build configuration list for PBXProject "MyFinalProject" */ = {
			isa = XCConfigurationList;
			buildConfigurations = (
				D75D0A562862E24B00BBA7AC /* Debug */,
				D75D0A572862E24B00BBA7AC /* Release */,
			);
			defaultConfigurationIsVisible = 0;
			defaultConfigurationName = Release;
		};
		D75D0A582862E24B00BBA7AC /* Build configuration list for PBXNativeTarget "MyFinalProject" */ = {
			isa = XCConfigurationList;
			buildConfigurations = (
				D75D0A592862E24B00BBA7AC /* Debug */,
				D75D0A5A2862E24B00BBA7AC /* Release */,
			);
			defaultConfigurationIsVisible = 0;
			defaultConfigurationName = Release;
		};
		D75D0A5B2862E24B00BBA7AC /* Build configuration list for PBXNativeTarget "MyFinalProjectTests" */ = {
			isa = XCConfigurationList;
			buildConfigurations = (
				D75D0A5C2862E24B00BBA7AC /* Debug */,
				D75D0A5D2862E24B00BBA7AC /* Release */,
			);
			defaultConfigurationIsVisible = 0;
			defaultConfigurationName = Release;
		};
		D75D0A5E2862E24B00BBA7AC /* Build configuration list for PBXNativeTarget "MyFinalProjectUITests" */ = {
			isa = XCConfigurationList;
			buildConfigurations = (
				D75D0A5F2862E24B00BBA7AC /* Debug */,
				D75D0A602862E24B00BBA7AC /* Release */,
			);
			defaultConfigurationIsVisible = 0;
			defaultConfigurationName = Release;
		};
/* End XCConfigurationList section */
	};
	rootObject = D75D0A2C2862E24900BBA7AC /* Project object */;
}
